<Solution>
  <Folder Name="/Docs/">
    <File Path="Docs/MySQL-Identity-Repository-Setup.md" />
  </Folder>
  <Folder Name="/Solution Items/">
    <File Path="../README.md" />
  </Folder>
  <Project Path="CodeReviews.Tests/CodeReviews.Tests.csproj" />
  <Project Path="CodeReviews/CodeReviews.csproj" />
</Solution>
